
Microsoft Visual Studio Solution File, Format Version 12.00
# Visual Studio Version 17
VisualStudioVersion = 17.0.31903.59
MinimumVisualStudioVersion = 10.0.40219.1
Project("{FAE04EC0-301F-11D3-BF4B-00C04F79EFBC}") = "ColorSpheres", "ColorSpheres\ColorSpheres.csproj", "{717E1370-7D06-4EFA-B62D-BF8E7F007948}"
EndProject
Project("{FAE04EC0-301F-11D3-BF4B-00C04F79EFBC}") = "BetterColorSpheres", "BetterColorSpheres\BetterColorSpheres.csproj", "{89DF3A60-5CA0-4C85-92F9-7DA9E2FCA72A}"
EndProject
Global
	GlobalSection(SolutionConfigurationPlatforms) = preSolution
		Debug|Any CPU = Debug|Any CPU
		Release|Any CPU = Release|Any CPU
	EndGlobalSection
	GlobalSection(SolutionProperties) = preSolution
		HideSolutionNode = FALSE
	EndGlobalSection
	GlobalSection(ProjectConfigurationPlatforms) = postSolution
		{717E1370-7D06-4EFA-B62D-BF8E7F007948}.Debug|Any CPU.ActiveCfg = Debug|Any CPU
		{717E1370-7D06-4EFA-B62D-BF8E7F007948}.Debug|Any CPU.Build.0 = Debug|Any CPU
		{717E1370-7D06-4EFA-B62D-BF8E7F007948}.Release|Any CPU.ActiveCfg = Release|Any CPU
		{717E1370-7D06-4EFA-B62D-BF8E7F007948}.Release|Any CPU.Build.0 = Release|Any CPU
		{89DF3A60-5CA0-4C85-92F9-7DA9E2FCA72A}.Debug|Any CPU.ActiveCfg = Debug|Any CPU
		{89DF3A60-5CA0-4C85-92F9-7DA9E2FCA72A}.Debug|Any CPU.Build.0 = Debug|Any CPU
		{89DF3A60-5CA0-4C85-92F9-7DA9E2FCA72A}.Release|Any CPU.ActiveCfg = Release|Any CPU
		{89DF3A60-5CA0-4C85-92F9-7DA9E2FCA72A}.Release|Any CPU.Build.0 = Release|Any CPU
	EndGlobalSection
EndGlobal
